
Microsoft Visual Studio Solution File, Format Version 12.00
# Visual Studio Version 16
VisualStudioVersion = 16.0.29613.14
MinimumVisualStudioVersion = 10.0.40219.1
Project("{9A19103F-16F7-4668-BE54-9A1E7A4F7556}") = "MISA.CukCuk", "MISA.CukCuk\MISA.CukCuk.csproj", "{4102F4F6-951A-470F-A9B6-D169709D7403}"
EndProject
Project("{FAE04EC0-301F-11D3-BF4B-00C04F79EFBC}") = "MISA.Entities", "MISA.Entities\MISA.Entities.csproj", "{EC3E8918-87F6-4967-A98E-3CB0595017CC}"
EndProject
Project("{FAE04EC0-301F-11D3-BF4B-00C04F79EFBC}") = "MISA.DAO", "MISA.DAO\MISA.DAO.csproj", "{6D8ADB47-7CD5-4730-AF9B-7EAA317B5A90}"
EndProject
Project("{FAE04EC0-301F-11D3-BF4B-00C04F79EFBC}") = "MISA.Service", "MISA.Service\MISA.Service.csproj", "{BB394F5D-6696-44EA-8192-CA983D8DAC95}"
EndProject
Project("{FAE04EC0-301F-11D3-BF4B-00C04F79EFBC}") = "MISA.Mapper", "MISA.Mapper\MISA.Mapper.csproj", "{8451E3AD-550B-4E03-98D4-D55378A7BC8B}"
EndProject
Global
	GlobalSection(SolutionConfigurationPlatforms) = preSolution
		Debug|Any CPU = Debug|Any CPU
		Release|Any CPU = Release|Any CPU
	EndGlobalSection
	GlobalSection(ProjectConfigurationPlatforms) = postSolution
		{4102F4F6-951A-470F-A9B6-D169709D7403}.Debug|Any CPU.ActiveCfg = Debug|Any CPU
		{4102F4F6-951A-470F-A9B6-D169709D7403}.Debug|Any CPU.Build.0 = Debug|Any CPU
		{4102F4F6-951A-470F-A9B6-D169709D7403}.Release|Any CPU.ActiveCfg = Release|Any CPU
		{4102F4F6-951A-470F-A9B6-D169709D7403}.Release|Any CPU.Build.0 = Release|Any CPU
		{EC3E8918-87F6-4967-A98E-3CB0595017CC}.Debug|Any CPU.ActiveCfg = Debug|Any CPU
		{EC3E8918-87F6-4967-A98E-3CB0595017CC}.Debug|Any CPU.Build.0 = Debug|Any CPU
		{EC3E8918-87F6-4967-A98E-3CB0595017CC}.Release|Any CPU.ActiveCfg = Release|Any CPU
		{EC3E8918-87F6-4967-A98E-3CB0595017CC}.Release|Any CPU.Build.0 = Release|Any CPU
		{6D8ADB47-7CD5-4730-AF9B-7EAA317B5A90}.Debug|Any CPU.ActiveCfg = Debug|Any CPU
		{6D8ADB47-7CD5-4730-AF9B-7EAA317B5A90}.Debug|Any CPU.Build.0 = Debug|Any CPU
		{6D8ADB47-7CD5-4730-AF9B-7EAA317B5A90}.Release|Any CPU.ActiveCfg = Release|Any CPU
		{6D8ADB47-7CD5-4730-AF9B-7EAA317B5A90}.Release|Any CPU.Build.0 = Release|Any CPU
		{BB394F5D-6696-44EA-8192-CA983D8DAC95}.Debug|Any CPU.ActiveCfg = Debug|Any CPU
		{BB394F5D-6696-44EA-8192-CA983D8DAC95}.Debug|Any CPU.Build.0 = Debug|Any CPU
		{BB394F5D-6696-44EA-8192-CA983D8DAC95}.Release|Any CPU.ActiveCfg = Release|Any CPU
		{BB394F5D-6696-44EA-8192-CA983D8DAC95}.Release|Any CPU.Build.0 = Release|Any CPU
		{8451E3AD-550B-4E03-98D4-D55378A7BC8B}.Debug|Any CPU.ActiveCfg = Debug|Any CPU
		{8451E3AD-550B-4E03-98D4-D55378A7BC8B}.Debug|Any CPU.Build.0 = Debug|Any CPU
		{8451E3AD-550B-4E03-98D4-D55378A7BC8B}.Release|Any CPU.ActiveCfg = Release|Any CPU
		{8451E3AD-550B-4E03-98D4-D55378A7BC8B}.Release|Any CPU.Build.0 = Release|Any CPU
	EndGlobalSection
	GlobalSection(SolutionProperties) = preSolution
		HideSolutionNode = FALSE
	EndGlobalSection
	GlobalSection(ExtensibilityGlobals) = postSolution
		SolutionGuid = {E4FE11A7-A932-4594-84D9-391F0CF9B65D}
	EndGlobalSection
EndGlobal
